
Microsoft Visual Studio Solution File, Format Version 12.00
# Visual Studio 2013
VisualStudioVersion = 12.0.30723.0
MinimumVisualStudioVersion = 10.0.40219.1
Project("{FAE04EC0-301F-11D3-BF4B-00C04F79EFBC}") = "Cellenza.Quizz", "Cellenza.Quizz\Cellenza.Quizz\Cellenza.Quizz.csproj", "{0B6A52A6-87A6-405F-9FD9-60AD41C14617}"
EndProject
Project("{FAE04EC0-301F-11D3-BF4B-00C04F79EFBC}") = "Cellenza.Quizz.iOS", "Cellenza.Quizz\Cellenza.Quizz.iOS\Cellenza.Quizz.iOS.csproj", "{0C020F08-9776-4DC7-A537-D175AC91433F}"
EndProject
Project("{FAE04EC0-301F-11D3-BF4B-00C04F79EFBC}") = "Cellenza.Quizz.Android", "Cellenza.Quizz\Cellenza.Quizz.Android\Cellenza.Quizz.Android.csproj", "{A036194C-AC6B-491A-AD66-74EF4F2F718D}"
EndProject
Project("{FAE04EC0-301F-11D3-BF4B-00C04F79EFBC}") = "Cellenza.Quizz.WinPhone", "Cellenza.Quizz\Cellenza.Quizz.WinPhone\Cellenza.Quizz.WinPhone.csproj", "{47400A32-2832-40E2-971C-F60D3738E331}"
EndProject
Project("{2150E333-8FDC-42A3-9474-1A3956D46DE8}") = ".nuget", ".nuget", "{C7683617-86A2-4EBF-BE3A-C2528D0D51C0}"
	ProjectSection(SolutionItems) = preProject
		.nuget\NuGet.Config = .nuget\NuGet.Config
		.nuget\NuGet.exe = .nuget\NuGet.exe
		.nuget\NuGet.targets = .nuget\NuGet.targets
	EndProjectSection
EndProject
Global
	GlobalSection(SolutionConfigurationPlatforms) = preSolution
		Ad-Hoc|Any CPU = Ad-Hoc|Any CPU
		Ad-Hoc|ARM = Ad-Hoc|ARM
		Ad-Hoc|iPhone = Ad-Hoc|iPhone
		Ad-Hoc|iPhoneSimulator = Ad-Hoc|iPhoneSimulator
		Ad-Hoc|Mixed Platforms = Ad-Hoc|Mixed Platforms
		Ad-Hoc|x86 = Ad-Hoc|x86
		AppStore|Any CPU = AppStore|Any CPU
		AppStore|ARM = AppStore|ARM
		AppStore|iPhone = AppStore|iPhone
		AppStore|iPhoneSimulator = AppStore|iPhoneSimulator
		AppStore|Mixed Platforms = AppStore|Mixed Platforms
		AppStore|x86 = AppStore|x86
		Debug|Any CPU = Debug|Any CPU
		Debug|ARM = Debug|ARM
		Debug|iPhone = Debug|iPhone
		Debug|iPhoneSimulator = Debug|iPhoneSimulator
		Debug|Mixed Platforms = Debug|Mixed Platforms
		Debug|x86 = Debug|x86
		Release|Any CPU = Release|Any CPU
		Release|ARM = Release|ARM
		Release|iPhone = Release|iPhone
		Release|iPhoneSimulator = Release|iPhoneSimulator
		Release|Mixed Platforms = Release|Mixed Platforms
		Release|x86 = Release|x86
	EndGlobalSection
	GlobalSection(ProjectConfigurationPlatforms) = postSolution
		{0B6A52A6-87A6-405F-9FD9-60AD41C14617}.Ad-Hoc|Any CPU.ActiveCfg = Release|Any CPU
		{0B6A52A6-87A6-405F-9FD9-60AD41C14617}.Ad-Hoc|Any CPU.Build.0 = Release|Any CPU
		{0B6A52A6-87A6-405F-9FD9-60AD41C14617}.Ad-Hoc|ARM.ActiveCfg = Release|Any CPU
		{0B6A52A6-87A6-405F-9FD9-60AD41C14617}.Ad-Hoc|iPhone.ActiveCfg = Release|Any CPU
		{0B6A52A6-87A6-405F-9FD9-60AD41C14617}.Ad-Hoc|iPhoneSimulator.ActiveCfg = Release|Any CPU
		{0B6A52A6-87A6-405F-9FD9-60AD41C14617}.Ad-Hoc|Mixed Platforms.ActiveCfg = Release|Any CPU
		{0B6A52A6-87A6-405F-9FD9-60AD41C14617}.Ad-Hoc|Mixed Platforms.Build.0 = Release|Any CPU
		{0B6A52A6-87A6-405F-9FD9-60AD41C14617}.Ad-Hoc|x86.ActiveCfg = Release|Any CPU
		{0B6A52A6-87A6-405F-9FD9-60AD41C14617}.AppStore|Any CPU.ActiveCfg = Release|Any CPU
		{0B6A52A6-87A6-405F-9FD9-60AD41C14617}.AppStore|Any CPU.Build.0 = Release|Any CPU
		{0B6A52A6-87A6-405F-9FD9-60AD41C14617}.AppStore|ARM.ActiveCfg = Release|Any CPU
		{0B6A52A6-87A6-405F-9FD9-60AD41C14617}.AppStore|iPhone.ActiveCfg = Release|Any CPU
		{0B6A52A6-87A6-405F-9FD9-60AD41C14617}.AppStore|iPhoneSimulator.ActiveCfg = Release|Any CPU
		{0B6A52A6-87A6-405F-9FD9-60AD41C14617}.AppStore|Mixed Platforms.ActiveCfg = Release|Any CPU
		{0B6A52A6-87A6-405F-9FD9-60AD41C14617}.AppStore|Mixed Platforms.Build.0 = Release|Any CPU
		{0B6A52A6-87A6-405F-9FD9-60AD41C14617}.AppStore|x86.ActiveCfg = Release|Any CPU
		{0B6A52A6-87A6-405F-9FD9-60AD41C14617}.Debug|Any CPU.ActiveCfg = Debug|Any CPU
		{0B6A52A6-87A6-405F-9FD9-60AD41C14617}.Debug|Any CPU.Build.0 = Debug|Any CPU
		{0B6A52A6-87A6-405F-9FD9-60AD41C14617}.Debug|ARM.ActiveCfg = Debug|Any CPU
		{0B6A52A6-87A6-405F-9FD9-60AD41C14617}.Debug|iPhone.ActiveCfg = Debug|Any CPU
		{0B6A52A6-87A6-405F-9FD9-60AD41C14617}.Debug|iPhoneSimulator.ActiveCfg = Debug|Any CPU
		{0B6A52A6-87A6-405F-9FD9-60AD41C14617}.Debug|Mixed Platforms.ActiveCfg = Debug|Any CPU
		{0B6A52A6-87A6-405F-9FD9-60AD41C14617}.Debug|Mixed Platforms.Build.0 = Debug|Any CPU
		{0B6A52A6-87A6-405F-9FD9-60AD41C14617}.Debug|x86.ActiveCfg = Debug|Any CPU
		{0B6A52A6-87A6-405F-9FD9-60AD41C14617}.Release|Any CPU.ActiveCfg = Release|Any CPU
		{0B6A52A6-87A6-405F-9FD9-60AD41C14617}.Release|Any CPU.Build.0 = Release|Any CPU
		{0B6A52A6-87A6-405F-9FD9-60AD41C14617}.Release|ARM.ActiveCfg = Release|Any CPU
		{0B6A52A6-87A6-405F-9FD9-60AD41C14617}.Release|iPhone.ActiveCfg = Release|Any CPU
		{0B6A52A6-87A6-405F-9FD9-60AD41C14617}.Release|iPhoneSimulator.ActiveCfg = Release|Any CPU
		{0B6A52A6-87A6-405F-9FD9-60AD41C14617}.Release|Mixed Platforms.ActiveCfg = Release|Any CPU
		{0B6A52A6-87A6-405F-9FD9-60AD41C14617}.Release|Mixed Platforms.Build.0 = Release|Any CPU
		{0B6A52A6-87A6-405F-9FD9-60AD41C14617}.Release|x86.ActiveCfg = Release|Any CPU
		{0C020F08-9776-4DC7-A537-D175AC91433F}.Ad-Hoc|Any CPU.ActiveCfg = Ad-Hoc|iPhone
		{0C020F08-9776-4DC7-A537-D175AC91433F}.Ad-Hoc|ARM.ActiveCfg = Ad-Hoc|iPhone
		{0C020F08-9776-4DC7-A537-D175AC91433F}.Ad-Hoc|iPhone.ActiveCfg = Ad-Hoc|iPhone
		{0C020F08-9776-4DC7-A537-D175AC91433F}.Ad-Hoc|iPhone.Build.0 = Ad-Hoc|iPhone
		{0C020F08-9776-4DC7-A537-D175AC91433F}.Ad-Hoc|iPhone.Deploy.0 = Ad-Hoc|iPhone
		{0C020F08-9776-4DC7-A537-D175AC91433F}.Ad-Hoc|iPhoneSimulator.ActiveCfg = Ad-Hoc|iPhoneSimulator
		{0C020F08-9776-4DC7-A537-D175AC91433F}.Ad-Hoc|iPhoneSimulator.Build.0 = Ad-Hoc|iPhoneSimulator
		{0C020F08-9776-4DC7-A537-D175AC91433F}.Ad-Hoc|iPhoneSimulator.Deploy.0 = Ad-Hoc|iPhoneSimulator
		{0C020F08-9776-4DC7-A537-D175AC91433F}.Ad-Hoc|Mixed Platforms.ActiveCfg = Ad-Hoc|iPhone
		{0C020F08-9776-4DC7-A537-D175AC91433F}.Ad-Hoc|Mixed Platforms.Build.0 = Ad-Hoc|iPhone
		{0C020F08-9776-4DC7-A537-D175AC91433F}.Ad-Hoc|Mixed Platforms.Deploy.0 = Ad-Hoc|iPhone
		{0C020F08-9776-4DC7-A537-D175AC91433F}.Ad-Hoc|x86.ActiveCfg = Ad-Hoc|iPhone
		{0C020F08-9776-4DC7-A537-D175AC91433F}.AppStore|Any CPU.ActiveCfg = AppStore|iPhone
		{0C020F08-9776-4DC7-A537-D175AC91433F}.AppStore|ARM.ActiveCfg = AppStore|iPhone
		{0C020F08-9776-4DC7-A537-D175AC91433F}.AppStore|iPhone.ActiveCfg = AppStore|iPhone
		{0C020F08-9776-4DC7-A537-D175AC91433F}.AppStore|iPhone.Build.0 = AppStore|iPhone
		{0C020F08-9776-4DC7-A537-D175AC91433F}.AppStore|iPhone.Deploy.0 = AppStore|iPhone
		{0C020F08-9776-4DC7-A537-D175AC91433F}.AppStore|iPhoneSimulator.ActiveCfg = AppStore|iPhoneSimulator
		{0C020F08-9776-4DC7-A537-D175AC91433F}.AppStore|iPhoneSimulator.Build.0 = AppStore|iPhoneSimulator
		{0C020F08-9776-4DC7-A537-D175AC91433F}.AppStore|iPhoneSimulator.Deploy.0 = AppStore|iPhoneSimulator
		{0C020F08-9776-4DC7-A537-D175AC91433F}.AppStore|Mixed Platforms.ActiveCfg = AppStore|iPhone
		{0C020F08-9776-4DC7-A537-D175AC91433F}.AppStore|Mixed Platforms.Build.0 = AppStore|iPhone
		{0C020F08-9776-4DC7-A537-D175AC91433F}.AppStore|Mixed Platforms.Deploy.0 = AppStore|iPhone
		{0C020F08-9776-4DC7-A537-D175AC91433F}.AppStore|x86.ActiveCfg = AppStore|iPhone
		{0C020F08-9776-4DC7-A537-D175AC91433F}.Debug|Any CPU.ActiveCfg = Debug|iPhone
		{0C020F08-9776-4DC7-A537-D175AC91433F}.Debug|ARM.ActiveCfg = Debug|iPhone
		{0C020F08-9776-4DC7-A537-D175AC91433F}.Debug|iPhone.ActiveCfg = Debug|iPhone
		{0C020F08-9776-4DC7-A537-D175AC91433F}.Debug|iPhone.Build.0 = Debug|iPhone
		{0C020F08-9776-4DC7-A537-D175AC91433F}.Debug|iPhone.Deploy.0 = Debug|iPhone
		{0C020F08-9776-4DC7-A537-D175AC91433F}.Debug|iPhoneSimulator.ActiveCfg = Debug|iPhoneSimulator
		{0C020F08-9776-4DC7-A537-D175AC91433F}.Debug|iPhoneSimulator.Build.0 = Debug|iPhoneSimulator
		{0C020F08-9776-4DC7-A537-D175AC91433F}.Debug|iPhoneSimulator.Deploy.0 = Debug|iPhoneSimulator
		{0C020F08-9776-4DC7-A537-D175AC91433F}.Debug|Mixed Platforms.ActiveCfg = Debug|iPhone
		{0C020F08-9776-4DC7-A537-D175AC91433F}.Debug|Mixed Platforms.Build.0 = Debug|iPhone
		{0C020F08-9776-4DC7-A537-D175AC91433F}.Debug|Mixed Platforms.Deploy.0 = Debug|iPhone
		{0C020F08-9776-4DC7-A537-D175AC91433F}.Debug|x86.ActiveCfg = Debug|iPhone
		{0C020F08-9776-4DC7-A537-D175AC91433F}.Release|Any CPU.ActiveCfg = Release|iPhone
		{0C020F08-9776-4DC7-A537-D175AC91433F}.Release|ARM.ActiveCfg = Release|iPhone
		{0C020F08-9776-4DC7-A537-D175AC91433F}.Release|iPhone.ActiveCfg = Release|iPhone
		{0C020F08-9776-4DC7-A537-D175AC91433F}.Release|iPhone.Build.0 = Release|iPhone
		{0C020F08-9776-4DC7-A537-D175AC91433F}.Release|iPhone.Deploy.0 = Release|iPhone
		{0C020F08-9776-4DC7-A537-D175AC91433F}.Release|iPhoneSimulator.ActiveCfg = Release|iPhoneSimulator
		{0C020F08-9776-4DC7-A537-D175AC91433F}.Release|iPhoneSimulator.Build.0 = Release|iPhoneSimulator
		{0C020F08-9776-4DC7-A537-D175AC91433F}.Release|iPhoneSimulator.Deploy.0 = Release|iPhoneSimulator
		{0C020F08-9776-4DC7-A537-D175AC91433F}.Release|Mixed Platforms.ActiveCfg = Release|iPhone
		{0C020F08-9776-4DC7-A537-D175AC91433F}.Release|Mixed Platforms.Build.0 = Release|iPhone
		{0C020F08-9776-4DC7-A537-D175AC91433F}.Release|Mixed Platforms.Deploy.0 = Release|iPhone
		{0C020F08-9776-4DC7-A537-D175AC91433F}.Release|x86.ActiveCfg = Release|iPhone
		{A036194C-AC6B-491A-AD66-74EF4F2F718D}.Ad-Hoc|Any CPU.ActiveCfg = Release|Any CPU
		{A036194C-AC6B-491A-AD66-74EF4F2F718D}.Ad-Hoc|Any CPU.Build.0 = Release|Any CPU
		{A036194C-AC6B-491A-AD66-74EF4F2F718D}.Ad-Hoc|Any CPU.Deploy.0 = Release|Any CPU
		{A036194C-AC6B-491A-AD66-74EF4F2F718D}.Ad-Hoc|ARM.ActiveCfg = Release|Any CPU
		{A036194C-AC6B-491A-AD66-74EF4F2F718D}.Ad-Hoc|iPhone.ActiveCfg = Release|Any CPU
		{A036194C-AC6B-491A-AD66-74EF4F2F718D}.Ad-Hoc|iPhoneSimulator.ActiveCfg = Release|Any CPU
		{A036194C-AC6B-491A-AD66-74EF4F2F718D}.Ad-Hoc|Mixed Platforms.ActiveCfg = Release|Any CPU
		{A036194C-AC6B-491A-AD66-74EF4F2F718D}.Ad-Hoc|Mixed Platforms.Build.0 = Release|Any CPU
		{A036194C-AC6B-491A-AD66-74EF4F2F718D}.Ad-Hoc|Mixed Platforms.Deploy.0 = Release|Any CPU
		{A036194C-AC6B-491A-AD66-74EF4F2F718D}.Ad-Hoc|x86.ActiveCfg = Release|Any CPU
		{A036194C-AC6B-491A-AD66-74EF4F2F718D}.AppStore|Any CPU.ActiveCfg = Release|Any CPU
		{A036194C-AC6B-491A-AD66-74EF4F2F718D}.AppStore|Any CPU.Build.0 = Release|Any CPU
		{A036194C-AC6B-491A-AD66-74EF4F2F718D}.AppStore|Any CPU.Deploy.0 = Release|Any CPU
		{A036194C-AC6B-491A-AD66-74EF4F2F718D}.AppStore|ARM.ActiveCfg = Release|Any CPU
		{A036194C-AC6B-491A-AD66-74EF4F2F718D}.AppStore|iPhone.ActiveCfg = Release|Any CPU
		{A036194C-AC6B-491A-AD66-74EF4F2F718D}.AppStore|iPhoneSimulator.ActiveCfg = Release|Any CPU
		{A036194C-AC6B-491A-AD66-74EF4F2F718D}.AppStore|Mixed Platforms.ActiveCfg = Release|Any CPU
		{A036194C-AC6B-491A-AD66-74EF4F2F718D}.AppStore|Mixed Platforms.Build.0 = Release|Any CPU
		{A036194C-AC6B-491A-AD66-74EF4F2F718D}.AppStore|Mixed Platforms.Deploy.0 = Release|Any CPU
		{A036194C-AC6B-491A-AD66-74EF4F2F718D}.AppStore|x86.ActiveCfg = Release|Any CPU
		{A036194C-AC6B-491A-AD66-74EF4F2F718D}.Debug|Any CPU.ActiveCfg = Debug|Any CPU
		{A036194C-AC6B-491A-AD66-74EF4F2F718D}.Debug|Any CPU.Build.0 = Debug|Any CPU
		{A036194C-AC6B-491A-AD66-74EF4F2F718D}.Debug|Any CPU.Deploy.0 = Debug|Any CPU
		{A036194C-AC6B-491A-AD66-74EF4F2F718D}.Debug|ARM.ActiveCfg = Debug|Any CPU
		{A036194C-AC6B-491A-AD66-74EF4F2F718D}.Debug|iPhone.ActiveCfg = Debug|Any CPU
		{A036194C-AC6B-491A-AD66-74EF4F2F718D}.Debug|iPhoneSimulator.ActiveCfg = Debug|Any CPU
		{A036194C-AC6B-491A-AD66-74EF4F2F718D}.Debug|Mixed Platforms.ActiveCfg = Debug|Any CPU
		{A036194C-AC6B-491A-AD66-74EF4F2F718D}.Debug|Mixed Platforms.Build.0 = Debug|Any CPU
		{A036194C-AC6B-491A-AD66-74EF4F2F718D}.Debug|Mixed Platforms.Deploy.0 = Debug|Any CPU
		{A036194C-AC6B-491A-AD66-74EF4F2F718D}.Debug|x86.ActiveCfg = Debug|Any CPU
		{A036194C-AC6B-491A-AD66-74EF4F2F718D}.Release|Any CPU.ActiveCfg = Release|Any CPU
		{A036194C-AC6B-491A-AD66-74EF4F2F718D}.Release|Any CPU.Build.0 = Release|Any CPU
		{A036194C-AC6B-491A-AD66-74EF4F2F718D}.Release|Any CPU.Deploy.0 = Release|Any CPU
		{A036194C-AC6B-491A-AD66-74EF4F2F718D}.Release|ARM.ActiveCfg = Release|Any CPU
		{A036194C-AC6B-491A-AD66-74EF4F2F718D}.Release|iPhone.ActiveCfg = Release|Any CPU
		{A036194C-AC6B-491A-AD66-74EF4F2F718D}.Release|iPhoneSimulator.ActiveCfg = Release|Any CPU
		{A036194C-AC6B-491A-AD66-74EF4F2F718D}.Release|Mixed Platforms.ActiveCfg = Release|Any CPU
		{A036194C-AC6B-491A-AD66-74EF4F2F718D}.Release|Mixed Platforms.Build.0 = Release|Any CPU
		{A036194C-AC6B-491A-AD66-74EF4F2F718D}.Release|Mixed Platforms.Deploy.0 = Release|Any CPU
		{A036194C-AC6B-491A-AD66-74EF4F2F718D}.Release|x86.ActiveCfg = Release|Any CPU
		{47400A32-2832-40E2-971C-F60D3738E331}.Ad-Hoc|Any CPU.ActiveCfg = Release|Any CPU
		{47400A32-2832-40E2-971C-F60D3738E331}.Ad-Hoc|Any CPU.Build.0 = Release|Any CPU
		{47400A32-2832-40E2-971C-F60D3738E331}.Ad-Hoc|Any CPU.Deploy.0 = Release|Any CPU
		{47400A32-2832-40E2-971C-F60D3738E331}.Ad-Hoc|ARM.ActiveCfg = Release|ARM
		{47400A32-2832-40E2-971C-F60D3738E331}.Ad-Hoc|ARM.Build.0 = Release|ARM
		{47400A32-2832-40E2-971C-F60D3738E331}.Ad-Hoc|ARM.Deploy.0 = Release|ARM
		{47400A32-2832-40E2-971C-F60D3738E331}.Ad-Hoc|iPhone.ActiveCfg = Release|Any CPU
		{47400A32-2832-40E2-971C-F60D3738E331}.Ad-Hoc|iPhoneSimulator.ActiveCfg = Release|Any CPU
		{47400A32-2832-40E2-971C-F60D3738E331}.Ad-Hoc|Mixed Platforms.ActiveCfg = Release|x86
		{47400A32-2832-40E2-971C-F60D3738E331}.Ad-Hoc|Mixed Platforms.Build.0 = Release|x86
		{47400A32-2832-40E2-971C-F60D3738E331}.Ad-Hoc|Mixed Platforms.Deploy.0 = Release|x86
		{47400A32-2832-40E2-971C-F60D3738E331}.Ad-Hoc|x86.ActiveCfg = Release|x86
		{47400A32-2832-40E2-971C-F60D3738E331}.Ad-Hoc|x86.Build.0 = Release|x86
		{47400A32-2832-40E2-971C-F60D3738E331}.Ad-Hoc|x86.Deploy.0 = Release|x86
		{47400A32-2832-40E2-971C-F60D3738E331}.AppStore|Any CPU.ActiveCfg = Release|Any CPU
		{47400A32-2832-40E2-971C-F60D3738E331}.AppStore|Any CPU.Build.0 = Release|Any CPU
		{47400A32-2832-40E2-971C-F60D3738E331}.AppStore|Any CPU.Deploy.0 = Release|Any CPU
		{47400A32-2832-40E2-971C-F60D3738E331}.AppStore|ARM.ActiveCfg = Release|ARM
		{47400A32-2832-40E2-971C-F60D3738E331}.AppStore|ARM.Build.0 = Release|ARM
		{47400A32-2832-40E2-971C-F60D3738E331}.AppStore|ARM.Deploy.0 = Release|ARM
		{47400A32-2832-40E2-971C-F60D3738E331}.AppStore|iPhone.ActiveCfg = Release|Any CPU
		{47400A32-2832-40E2-971C-F60D3738E331}.AppStore|iPhoneSimulator.ActiveCfg = Release|Any CPU
		{47400A32-2832-40E2-971C-F60D3738E331}.AppStore|Mixed Platforms.ActiveCfg = Release|x86
		{47400A32-2832-40E2-971C-F60D3738E331}.AppStore|Mixed Platforms.Build.0 = Release|x86
		{47400A32-2832-40E2-971C-F60D3738E331}.AppStore|Mixed Platforms.Deploy.0 = Release|x86
		{47400A32-2832-40E2-971C-F60D3738E331}.AppStore|x86.ActiveCfg = Release|x86
		{47400A32-2832-40E2-971C-F60D3738E331}.AppStore|x86.Build.0 = Release|x86
		{47400A32-2832-40E2-971C-F60D3738E331}.AppStore|x86.Deploy.0 = Release|x86
		{47400A32-2832-40E2-971C-F60D3738E331}.Debug|Any CPU.ActiveCfg = Debug|Any CPU
		{47400A32-2832-40E2-971C-F60D3738E331}.Debug|Any CPU.Build.0 = Debug|Any CPU
		{47400A32-2832-40E2-971C-F60D3738E331}.Debug|Any CPU.Deploy.0 = Debug|Any CPU
		{47400A32-2832-40E2-971C-F60D3738E331}.Debug|ARM.ActiveCfg = Debug|ARM
		{47400A32-2832-40E2-971C-F60D3738E331}.Debug|ARM.Build.0 = Debug|ARM
		{47400A32-2832-40E2-971C-F60D3738E331}.Debug|ARM.Deploy.0 = Debug|ARM
		{47400A32-2832-40E2-971C-F60D3738E331}.Debug|iPhone.ActiveCfg = Debug|Any CPU
		{47400A32-2832-40E2-971C-F60D3738E331}.Debug|iPhoneSimulator.ActiveCfg = Debug|Any CPU
		{47400A32-2832-40E2-971C-F60D3738E331}.Debug|Mixed Platforms.ActiveCfg = Debug|x86
		{47400A32-2832-40E2-971C-F60D3738E331}.Debug|Mixed Platforms.Build.0 = Debug|x86
		{47400A32-2832-40E2-971C-F60D3738E331}.Debug|Mixed Platforms.Deploy.0 = Debug|x86
		{47400A32-2832-40E2-971C-F60D3738E331}.Debug|x86.ActiveCfg = Debug|x86
		{47400A32-2832-40E2-971C-F60D3738E331}.Debug|x86.Build.0 = Debug|x86
		{47400A32-2832-40E2-971C-F60D3738E331}.Debug|x86.Deploy.0 = Debug|x86
		{47400A32-2832-40E2-971C-F60D3738E331}.Release|Any CPU.ActiveCfg = Release|Any CPU
		{47400A32-2832-40E2-971C-F60D3738E331}.Release|Any CPU.Build.0 = Release|Any CPU
		{47400A32-2832-40E2-971C-F60D3738E331}.Release|Any CPU.Deploy.0 = Release|Any CPU
		{47400A32-2832-40E2-971C-F60D3738E331}.Release|ARM.ActiveCfg = Release|ARM
		{47400A32-2832-40E2-971C-F60D3738E331}.Release|ARM.Build.0 = Release|ARM
		{47400A32-2832-40E2-971C-F60D3738E331}.Release|ARM.Deploy.0 = Release|ARM
		{47400A32-2832-40E2-971C-F60D3738E331}.Release|iPhone.ActiveCfg = Release|Any CPU
		{47400A32-2832-40E2-971C-F60D3738E331}.Release|iPhoneSimulator.ActiveCfg = Release|Any CPU
		{47400A32-2832-40E2-971C-F60D3738E331}.Release|Mixed Platforms.ActiveCfg = Release|x86
		{47400A32-2832-40E2-971C-F60D3738E331}.Release|Mixed Platforms.Build.0 = Release|x86
		{47400A32-2832-40E2-971C-F60D3738E331}.Release|Mixed Platforms.Deploy.0 = Release|x86
		{47400A32-2832-40E2-971C-F60D3738E331}.Release|x86.ActiveCfg = Release|x86
		{47400A32-2832-40E2-971C-F60D3738E331}.Release|x86.Build.0 = Release|x86
		{47400A32-2832-40E2-971C-F60D3738E331}.Release|x86.Deploy.0 = Release|x86
	EndGlobalSection
	GlobalSection(SolutionProperties) = preSolution
		HideSolutionNode = FALSE
	EndGlobalSection
EndGlobal
